
Microsoft Visual Studio Solution File, Format Version 12.00
# Visual Studio Version 16
VisualStudioVersion = 16.0.29123.88
MinimumVisualStudioVersion = 10.0.40219.1
Project("{FAE04EC0-301F-11D3-BF4B-00C04F79EFBC}") = "WebApplication5", "WebApplication5\WebApplication5.csproj", "{359B451C-91D1-4F42-B3CA-421B47185272}"
EndProject
Global
	GlobalSection(SolutionConfigurationPlatforms) = preSolution
		Debug|Any CPU = Debug|Any CPU
		Release|Any CPU = Release|Any CPU
	EndGlobalSection
	GlobalSection(ProjectConfigurationPlatforms) = postSolution
		{359B451C-91D1-4F42-B3CA-421B47185272}.Debug|Any CPU.ActiveCfg = Debug|Any CPU
		{359B451C-91D1-4F42-B3CA-421B47185272}.Debug|Any CPU.Build.0 = Debug|Any CPU
		{359B451C-91D1-4F42-B3CA-421B47185272}.Release|Any CPU.ActiveCfg = Release|Any CPU
		{359B451C-91D1-4F42-B3CA-421B47185272}.Release|Any CPU.Build.0 = Release|Any CPU
	EndGlobalSection
	GlobalSection(SolutionProperties) = preSolution
		HideSolutionNode = FALSE
	EndGlobalSection
	GlobalSection(ExtensibilityGlobals) = postSolution
		SolutionGuid = {527865DF-0592-4AD7-8A8E-A26B676C94E6}
	EndGlobalSection
EndGlobal
